{
    "version": "0.5",
    "requires": [
        "zlib/1.2.13#e377bee636333ae348d51ca90874e353%1682597484.674",
        "spdlog/1.12.0#c5fc262786548cbac34e6c38e16309a9%1688915175.09",
        "lyra/1.6.1#7ec368ee0f9ba9f34ae72e466d2b3b51%1667926079.486",
        "libpng/1.6.40#3b63a2aa000933a57a53322207790714%1687968865.34",
        "libjpeg/9e#68269859e4325ddc3f995d1fd3fc9187%1674953155.168",
        "libbacktrace/cci.20210118#ec1aa63bbc10145c6a299e68e711670c%1676205469.545",
        "fmt/10.0.0#dd5e3eb81b512a1bb34a5aab88a07e82%1684225718.04",
        "bzip2/1.0.8#411fc05e80d47a89045edc1ee6f23c1d%1678293522.814",
        "boost/1.82.0#902463606663219fc8c6d2102f1b8c6a%1685704970.086",
        "asio/1.28.1#9b4fb4d434f6b12dc44c116b57f6e25d%1691066750.28"
    ],
    "build_requires": [
        "cmake/3.27.0#1916e6ab33353145b93244d065a2c868%1689871516.022",
        "b2/4.9.6#2e02945ad41739b8051247d14fe8297d%1679927934.674"
    ],
    "python_requires": []
}