{
    "version": "0.5",
    "requires": [
        "zlib/1.2.13#97d5730b529b4224045fe7090592d4c1%1692672717.049",
        "spdlog/1.12.0#248c215bc5f0718402fbf1de126ef847%1693042208.976",
        "lyra/1.6.1#b06c2dcfbc5c7aaed53c2d89f3ba0c9f%1692629912.174",
        "libpng/1.6.40#3b63a2aa000933a57a53322207790714%1687968865.34",
        "libjpeg-turbo/3.0.0#67120951a18ea4925927f812ead966ed%1688830880.079",
        "libbacktrace/cci.20210118#ec1aa63bbc10145c6a299e68e711670c%1676205469.545",
        "fmt/10.1.0#51d8d1db43672712db81b146a85ca73d%1692421582.103",
        "catch2/3.4.0#eb6f89bbc70b6b3d8748d21ab8fb9468%1689302336.925",
        "bzip2/1.0.8#411fc05e80d47a89045edc1ee6f23c1d%1678293522.814",
        "boost/1.83.0#8be129e9ab6e00b3d74810626cdbea9c%1692735825.011",
        "boost/1.82.0#55e821ec1f19367b6f0db13ea73948d3%1692735825.716",
        "asio/1.28.1#9b4fb4d434f6b12dc44c116b57f6e25d%1691066750.28"
    ],
    "build_requires": [
        "nasm/2.15.05#ca1c14c2060af0ec151048b54ced9262%1692882544.152",
        "cmake/3.27.4#a7e78418b024dccacccc887f049f47ed%1693515860.005",
        "b2/4.9.6#53783bdbbdbb6c13732b25f1f6ea6c58%1686399756.948"
    ],
    "python_requires": []
}